
Microsoft Visual Studio Solution File, Format Version 12.00
# Visual Studio 15
Project("{FAE04EC0-301F-11D3-BF4B-00C04F79EFBC}") = "Unity.RenderPipelines.HighDefinition.Config.Runtime", "Unity.RenderPipelines.HighDefinition.Config.Runtime.csproj", "{A00DA2AB-CC7F-A188-109C-CA699FF982CC}"
EndProject
Project("{FAE04EC0-301F-11D3-BF4B-00C04F79EFBC}") = "Assembly-CSharp", "Assembly-CSharp.csproj", "{2AAD6523-CBC8-2D5D-878E-DFA5C27CDDFD}"
EndProject
Global
	GlobalSection(SolutionConfigurationPlatforms) = preSolution
		Debug|Any CPU = Debug|Any CPU
		Release|Any CPU = Release|Any CPU
	EndGlobalSection
	GlobalSection(ProjectConfigurationPlatforms) = postSolution
		{A00DA2AB-CC7F-A188-109C-CA699FF982CC}.Debug|Any CPU.ActiveCfg = Debug|Any CPU
		{A00DA2AB-CC7F-A188-109C-CA699FF982CC}.Debug|Any CPU.Build.0 = Debug|Any CPU
		{A00DA2AB-CC7F-A188-109C-CA699FF982CC}.Release|Any CPU.ActiveCfg = Release|Any CPU
		{A00DA2AB-CC7F-A188-109C-CA699FF982CC}.Release|Any CPU.Build.0 = Release|Any CPU
		{2AAD6523-CBC8-2D5D-878E-DFA5C27CDDFD}.Debug|Any CPU.ActiveCfg = Debug|Any CPU
		{2AAD6523-CBC8-2D5D-878E-DFA5C27CDDFD}.Debug|Any CPU.Build.0 = Debug|Any CPU
		{2AAD6523-CBC8-2D5D-878E-DFA5C27CDDFD}.Release|Any CPU.ActiveCfg = Release|Any CPU
		{2AAD6523-CBC8-2D5D-878E-DFA5C27CDDFD}.Release|Any CPU.Build.0 = Release|Any CPU
	EndGlobalSection
	GlobalSection(SolutionProperties) = preSolution
		HideSolutionNode = FALSE
	EndGlobalSection
EndGlobal
